# This file is autogenerated, do not edit; changes may be undone by the next 'dep ensure'.


[[projects]]
  digest = "1:0594af97b2f4cec6554086eeace6597e20a4b69466eb4ada25adf9f4300dddd2"
  name = "github.com/garyburd/redigo"
  packages = [
    "internal",
    "redis",
  ]
  pruneopts = "UT"
  revision = "a69d19351219b6dd56f274f96d85a7014a2ec34e"
  version = "v1.6.0"

[[projects]]
  digest = "1:6973c2e8119789f8600a3eb9af765c57ea27824f1789198597d701c01abbc013"
  name = "github.com/googollee/go-engine.io"
  packages = [
    ".",
    "base",
    "packet",
    "payload",
    "transport",
    "transport/polling",
    "transport/websocket",
  ]
  pruneopts = "UT"
  revision = "d1cac332336664ac940c0db96d83e9b181cd335c"
  version = "v1.4.2"

[[projects]]
  digest = "1:f58b7651e01bdf11e0564073745c613d8da55f49b67addbceab81e45653914c0"
  name = "github.com/googollee/go-socket.io"
  packages = [
    ".",
    "parser",
  ]
  pruneopts = "UT"
  revision = "a94b83ffe22a53b14946d177551f877cb7e95e57"
  version = "v1.4.3"

[[projects]]
  digest = "1:6d29f02f0f01c627c2be40fb7347669a9ff2aa215cb97747294c1d13ffa74bdd"
  name = "github.com/gorilla/websocket"
  packages = ["."]
  pruneopts = "UT"
  revision = "b65e62901fc1c0d968042419e74789f6af455eb9"
  version = "v1.4.2"

[[projects]]
  branch = "master"
  digest = "1:6505032f0bd910f17b57966c8b69e624c44fb2a995738c49165acaafd7716227"
  name = "github.com/ivegotwings/go-socket.io-redis"
  packages = [
    ".",
    "cmap_string_cmap",
    "cmap_string_socket",
  ]
  pruneopts = "UT"
  revision = "7d1e21c08e9bea4835f14b05a409452be0636a2e"

[[projects]]
  branch = "master"
  digest = "1:0e1e5f960c58fdc677212fcc70e55042a0084d367623e51afbdb568963832f5d"
  name = "github.com/nu7hatch/gouuid"
  packages = ["."]
  pruneopts = "UT"
  revision = "179d4d0c4d8d407a32af483c2354df1d2c91e6c3"

[solve-meta]
  analyzer-name = "dep"
  analyzer-version = 1
  input-imports = [
    "github.com/googollee/go-socket.io",
    "github.com/ivegotwings/go-socket.io-redis",
  ]
  solver-name = "gps-cdcl"
  solver-version = 1
